
Microsoft Visual Studio Solution File, Format Version 12.00
# Visual Studio Version 17
VisualStudioVersion = 17.0.31612.314
MinimumVisualStudioVersion = 10.0.40219.1
Project("{FAE04EC0-301F-11D3-BF4B-00C04F79EFBC}") = "WIMDeploy", "WIMDeploy\WIMDeploy.csproj", "{D5CC1258-6E2C-42E4-A308-4C964E0EE9F8}"
EndProject
Global
	GlobalSection(SolutionConfigurationPlatforms) = preSolution
		Debug|Any CPU = Debug|Any CPU
		Release|Any CPU = Release|Any CPU
	EndGlobalSection
	GlobalSection(ProjectConfigurationPlatforms) = postSolution
		{D5CC1258-6E2C-42E4-A308-4C964E0EE9F8}.Debug|Any CPU.ActiveCfg = Debug|Any CPU
		{D5CC1258-6E2C-42E4-A308-4C964E0EE9F8}.Debug|Any CPU.Build.0 = Debug|Any CPU
		{D5CC1258-6E2C-42E4-A308-4C964E0EE9F8}.Release|Any CPU.ActiveCfg = Release|Any CPU
		{D5CC1258-6E2C-42E4-A308-4C964E0EE9F8}.Release|Any CPU.Build.0 = Release|Any CPU
	EndGlobalSection
	GlobalSection(SolutionProperties) = preSolution
		HideSolutionNode = FALSE
	EndGlobalSection
	GlobalSection(ExtensibilityGlobals) = postSolution
		SolutionGuid = {FEF7C2C8-CD48-421A-ACE1-2DD3FFD1AF77}
	EndGlobalSection
EndGlobal
